{
  "name": "game-jam",
  "version": "1.0.0",
  "lockfileVersion": 1,
  "requires": true,
  "dependencies": {
    "@rbxts/datastore2": {
      "version": "1.0.1",
      "resolved": "https://registry.npmjs.org/@rbxts/datastore2/-/datastore2-1.0.1.tgz",
      "integrity": "sha512-A3kyC5g5WYxKq2PO2VmFpCV8JLldRXeoH+dQEX0ZXCY+VrzDbKD8praIdWlZx4M2PRaFP4kWhP7E3GQFq9nnEg=="
    },
    "@rbxts/roact": {
      "version": "1.0.4",
      "resolved": "https://registry.npmjs.org/@rbxts/roact/-/roact-1.0.4.tgz",
      "integrity": "sha512-yxcRc+fBqT8GcXS9Mx+1FPfz2+qATQZ+g12j1TbBGJW1TrrpbmcMJnp080B9hC1AVo4ckEJqwYyqq1JsjoEUSg=="
    },
    "@rbxts/services": {
      "version": "1.0.23",
      "resolved": "https://registry.npmjs.org/@rbxts/services/-/services-1.0.23.tgz",
      "integrity": "sha512-grU2H1biLVmjCxhF8KYmpUUDTvowjf/99HS5r8NCsFb8q/MqN80kYYX0gXncYYYfYNGHLbzm8cWwVhb7UyXPHg=="
    },
    "@rbxts/signal": {
      "version": "1.0.0",
      "resolved": "https://registry.npmjs.org/@rbxts/signal/-/signal-1.0.0.tgz",
      "integrity": "sha512-1h9PH65NHgePVKS5S55nt5oU1kfepatqjzECNVGjwJzdC+T94wT5rDhFL1GLw0dhEm28WYFHbP4cFWSWOLaD/A=="
    },
    "@rbxts/types": {
      "version": "1.0.214",
      "resolved": "https://registry.npmjs.org/@rbxts/types/-/types-1.0.214.tgz",
      "integrity": "sha512-Yd1EaA5lYaTy+bSDl7rs3rz9O64goJnPD0Q+RNYNZad0gl+3vfSuxhwWgKSscd0t7rGMTzJP6RhLZyVBJgkV9Q=="
    },
    "rbx-enum": {
      "version": "1.0.0",
      "resolved": "https://registry.npmjs.org/rbx-enum/-/rbx-enum-1.0.0.tgz",
      "integrity": "sha512-eItT1NPQG5dB+KMPcPJNTLbvvwmipM/UTxoIFIIDeQxwvtv5Ie65R/+R2CrM9fKgDaL3U+4A496zPsIvkLuffg=="
    },
    "rbx-net": {
      "version": "0.6.1",
      "resolved": "https://registry.npmjs.org/rbx-net/-/rbx-net-0.6.1.tgz",
      "integrity": "sha512-MCvflQyKUVmGzxcf7C0DVtmGIEFiqwVgXp+t/3HyluqONv0ys0gdL5qb/G6SF5DBrv18u0xYwqJ5DxD+6iqgrg=="
    },
    "rbx-new": {
      "version": "1.0.1",
      "resolved": "https://registry.npmjs.org/rbx-new/-/rbx-new-1.0.1.tgz",
      "integrity": "sha512-ad63j61R3vLPLwLLi9jGop3hUbSSkJpVk5zvbDofAMZBsLSz7280gTRoB9aM9y9HADzHCpQjizkSMj3K/4c2aA=="
    },
    "rbx-resources": {
      "version": "0.0.16",
      "resolved": "https://registry.npmjs.org/rbx-resources/-/rbx-resources-0.0.16.tgz",
      "integrity": "sha512-/DrV+75D1HO2vu3hCEQ7lgBkuZK9wgmWmkoGE8PglouV8+yXkf6NO7VlW6cVx6Kd73A3beogPh70bADyFpqHlQ==",
      "requires": {
        "rbx-new": "1.0.1",
        "rbx-services": "1.0.21"
      }
    },
    "rbx-services": {
      "version": "1.0.21",
      "resolved": "https://registry.npmjs.org/rbx-services/-/rbx-services-1.0.21.tgz",
      "integrity": "sha512-atECZTQ/jd6fZDwGQf22AubTmMZwzJmmI5UhQC2cb/Au7adTZ0RUXZTPKExD5gkE1riOW3mlmm2KrEROxY/fpA=="
    },
    "rbx-types": {
      "version": "1.0.191",
      "resolved": "https://registry.npmjs.org/rbx-types/-/rbx-types-1.0.191.tgz",
      "integrity": "sha512-sPHypHS7l8dH8YDc6YT1slajW2xqZSRSrZs06FQuuL0cwo27WT/xLeVkuKOCuL+urN2flqtGvcGy3zt4BB4Upg=="
    }
  }
}
